[[package]]
category = "main"
description = "A database migration tool for SQLAlchemy."
name = "alembic"
optional = false
platform = "*"
python-versions = ">=2.7, !=3.0.*, !=3.1.*, !=3.2.*, !=3.3.*"
version = "1.0.0"

[package.dependencies]
Mako = "*"
SQLAlchemy = ">=0.9.0"
python-dateutil = "*"
python-editor = ">=0.3"

[[package]]
category = "dev"
description = "Fast ASN.1 parser and serializer with definitions for private keys, public keys, certificates, CRL, OCSP, CMS, PKCS#3, PKCS#7, PKCS#8, PKCS#12, PKCS#5, X.509 and TSP"
name = "asn1crypto"
optional = false
platform = "*"
python-versions = "*"
version = "0.24.0"

[[package]]
category = "main"
description = "Screen-scraping library"
name = "beautifulsoup4"
optional = false
platform = "UNKNOWN"
python-versions = "*"
version = "4.6.0"

[[package]]
category = "main"
description = "Dummy package for Beautiful Soup"
name = "bs4"
optional = false
platform = "*"
python-versions = "*"
version = "0.0.1"

[package.dependencies]
beautifulsoup4 = "*"

[[package]]
category = "main"
description = "Python package for providing Mozilla's CA Bundle."
name = "certifi"
optional = false
platform = "*"
python-versions = "*"
version = "2018.4.16"

[[package]]
category = "dev"
description = "Foreign Function Interface for Python calling C code."
name = "cffi"
optional = false
platform = "*"
python-versions = "*"
version = "1.11.5"

[package.dependencies]
pycparser = "*"

[[package]]
category = "main"
description = "Universal encoding detector for Python 2 and 3"
name = "chardet"
optional = false
platform = "*"
python-versions = "*"
version = "3.0.4"

[[package]]
category = "main"
description = "A simple wrapper around optparse for powerful command line utilities."
name = "click"
optional = false
platform = "*"
python-versions = "*"
version = "6.7"

[[package]]
category = "dev"
description = "cryptography is a package which provides cryptographic recipes and primitives to Python developers."
name = "cryptography"
optional = false
platform = "*"
python-versions = ">=2.7,!=3.0.*,!=3.1.*,!=3.2.*,!=3.3.*"
version = "2.3"

[package.dependencies]
asn1crypto = ">=0.21.0"
cffi = ">=1.7,<1.11.3 || >1.11.3"
idna = ">=2.1"
six = ">=1.4.1"

[[package]]
category = "main"
description = "An implementation of lxml.xmlfile for the standard library"
name = "et-xmlfile"
optional = false
platform = "UNKNOWN"
python-versions = "*"
version = "1.0.1"

[[package]]
category = "main"
description = "A simple framework for building complex web applications."
name = "flask"
optional = false
platform = "any"
python-versions = "*"
version = "1.0.2"

[package.dependencies]
Jinja2 = ">=2.10"
Werkzeug = ">=0.14"
click = ">=5.1"
itsdangerous = ">=0.24"

[[package]]
category = "main"
description = "SQLAlchemy database migrations for Flask applications using Alembic"
name = "flask-migrate"
optional = false
platform = "any"
python-versions = "*"
version = "2.2.1"

[package.dependencies]
Flask = ">=0.9"
Flask-SQLAlchemy = ">=1.0"
alembic = ">=0.7"

[[package]]
category = "main"
description = "Adds SQLAlchemy support to your Flask application"
name = "flask-sqlalchemy"
optional = false
platform = "any"
python-versions = "*"
version = "2.3.2"

[package.dependencies]
Flask = ">=0.10"
SQLAlchemy = ">=0.8.0"

[[package]]
category = "main"
description = "Internationalized Domain Names in Applications (IDNA)"
name = "idna"
optional = false
platform = "*"
python-versions = "*"
version = "2.7"

[[package]]
category = "main"
description = "Various helpers to pass trusted data to untrusted environments and back."
name = "itsdangerous"
optional = false
platform = "UNKNOWN"
python-versions = "*"
version = "0.24"

[[package]]
category = "main"
description = "Julian dates from proleptic Gregorian and Julian calendars."
name = "jdcal"
optional = false
platform = "*"
python-versions = "*"
version = "1.4"

[[package]]
category = "main"
description = "Chinese Words Segementation Utilities"
name = "jieba"
optional = false
platform = "*"
python-versions = "*"
version = "0.39"

[[package]]
category = "main"
description = "A small but fast and easy to use stand-alone template engine written in pure python."
name = "jinja2"
optional = false
platform = "*"
python-versions = "*"
version = "2.10"

[package.dependencies]
MarkupSafe = ">=0.23"

[[package]]
category = "main"
description = "Labels and compares human languages in a standardized way"
name = "langcodes"
optional = false
platform = "any"
python-versions = "*"
version = "1.4.1"

[package.dependencies]
marisa-trie = "*"

[[package]]
category = "main"
description = "Load me later. A lazy loading plugin management system."
name = "lml"
optional = false
platform = "UNKNOWN"
python-versions = "*"
version = "0.0.1"

[[package]]
category = "main"
description = "A super-fast templating language that borrows the  best ideas from the existing templating languages."
name = "mako"
optional = false
platform = "*"
python-versions = "*"
version = "1.0.7"

[package.dependencies]
MarkupSafe = ">=0.9.2"

[[package]]
category = "main"
description = "Static memory-efficient and fast Trie-like structures for Python."
name = "marisa-trie"
optional = false
platform = "*"
python-versions = ">=2.7, !=3.0.*, !=3.1.*, !=3.2.*, !=3.3.*"
version = "0.7.5"

[[package]]
category = "main"
description = "Implements a XML/HTML/XHTML Markup safe string for Python"
name = "markupsafe"
optional = false
platform = "UNKNOWN"
python-versions = "*"
version = "1.0"

[[package]]
category = "main"
description = "MessagePack (de)serializer."
name = "msgpack"
optional = false
platform = "*"
python-versions = "*"
version = "0.5.6"

[[package]]
category = "main"
description = "A Python library to read/write Excel 2010 xlsx/xlsm files"
name = "openpyxl"
optional = false
platform = "*"
python-versions = ">=2.7, !=3.0.*, !=3.1.*, !=3.2.*, !=3.3.*"
version = "2.5.4"

[package.dependencies]
et_xmlfile = "*"
jdcal = "*"

[[package]]
category = "main"
description = "Ordered YAML: drop-in replacement for PyYAML which preserves dict ordering"
name = "oyaml"
optional = false
platform = "*"
python-versions = "*"
version = "0.5"

[package.dependencies]
pyyaml = "*"

[[package]]
category = "dev"
description = "C parser in Python"
name = "pycparser"
optional = false
platform = "Cross Platform"
python-versions = "*"
version = "2.18"

[[package]]
category = "main"
description = "A wrapper library that provides one API to read, manipulate and writedata in different excel formats"
name = "pyexcel"
optional = false
platform = "*"
python-versions = "*"
version = "0.5.8"

[package.dependencies]
lml = "0.0.1"
pyexcel-io = ">=0.5.6"
texttable = ">=0.8.1"

[[package]]
category = "main"
description = "Keep good formatting when exporting to *.xlsx, *.yaml and *.json and when updating data."
name = "pyexcel-export"
optional = false
platform = "*"
python-versions = ">=3.5"
version = "0.3.1"

[package.dependencies]
openpyxl = ">=2.5,<3.0"
oyaml = ">=0.5.0,<0.6.0"
pyexcel = ">=0.5.8,<0.6.0"
pyexcel-xlsx = ">=0.5.6,<0.6.0"

[[package]]
category = "main"
description = "A python library to read and write structured data in csv, zipped csvformat and to/from databases"
name = "pyexcel-io"
optional = false
platform = "*"
python-versions = "*"
version = "0.5.7"

[package.dependencies]
lml = "0.0.1"

[[package]]
category = "main"
description = "A wrapper library to read, manipulate and write data in xlsx and xlsmformat"
name = "pyexcel-xlsx"
optional = false
platform = "*"
python-versions = "*"
version = "0.5.6"

[package.dependencies]
openpyxl = ">=2.5.0"
pyexcel-io = ">=0.5.3"

[[package]]
category = "dev"
description = "Python wrapper module around the OpenSSL library"
name = "pyopenssl"
optional = false
platform = "*"
python-versions = "*"
version = "18.0.0"

[package.dependencies]
cryptography = ">=2.2.1"
six = ">=1.5.2"

[[package]]
category = "main"
description = "Extensions to the standard Python datetime module"
name = "python-dateutil"
optional = false
platform = "*"
python-versions = ">=2.7, !=3.0.*, !=3.1.*, !=3.2.*"
version = "2.7.3"

[package.dependencies]
six = ">=1.5"

[[package]]
category = "main"
description = "Programmatically open an editor, capture the result."
name = "python-editor"
optional = false
platform = "*"
python-versions = "*"
version = "1.0.3"

[[package]]
category = "main"
description = "YAML parser and emitter for Python"
name = "pyyaml"
optional = false
platform = "Any"
python-versions = "*"
version = "3.13"

[[package]]
category = "main"
description = "Alternative regular expression module, to replace re."
name = "regex"
optional = false
platform = "*"
python-versions = "*"
version = "2018.02.21"

[[package]]
category = "main"
description = "Python HTTP for Humans."
name = "requests"
optional = false
platform = "*"
python-versions = ">=2.6, !=3.0.*, !=3.1.*, !=3.2.*, !=3.3.*"
version = "2.19.1"

[package.dependencies]
certifi = ">=2017.4.17"
chardet = ">=3.0.2,<3.1.0"
idna = ">=2.5,<2.8"
urllib3 = ">=1.21.1,<1.24"

[[package]]
category = "main"
description = "Python 2 and 3 compatibility utilities"
name = "six"
optional = false
platform = "*"
python-versions = "*"
version = "1.11.0"

[[package]]
category = "main"
description = "Database Abstraction Library"
name = "sqlalchemy"
optional = false
platform = "*"
python-versions = "*"
version = "1.2.10"

[[package]]
category = "main"
description = "module for creating simple ASCII tables"
name = "texttable"
optional = false
platform = "any"
python-versions = "*"
version = "1.4.0"

[[package]]
category = "main"
description = "HTTP library with thread-safe connection pooling, file post, and more."
name = "urllib3"
optional = false
platform = "*"
python-versions = ">=2.6, !=3.0.*, !=3.1.*, !=3.2.*, !=3.3.*, <4"
version = "1.23"

[[package]]
category = "main"
description = "The comprehensive WSGI web application library."
name = "werkzeug"
optional = false
platform = "any"
python-versions = "*"
version = "0.14.1"

[[package]]
category = "main"
description = "wordfreq is a Python library for looking up the frequencies of words in many"
name = "wordfreq"
optional = false
platform = "any"
python-versions = ">=3.3"
version = "2.2.0"

[package.dependencies]
langcodes = ">=1.4.1"
msgpack = "*"
regex = "2018.02.21"

[metadata]
content-hash = "659d1b1d3398848f2d5651c448f86c08ebe57dc5cea73c6ad3cef18a05ce7346"
platform = "*"
python-versions = ">=3"

[metadata.hashes]
alembic = ["52d73b1d750f1414fa90c25a08da47b87de1e4ad883935718a8f36396e19e78e", "eb7db9b4510562ec37c91d00b00d95fde076c1030d3f661aea882eec532b3565"]
asn1crypto = ["2f1adbb7546ed199e3c90ef23ec95c5cf3585bac7d11fb7eb562a3fe89c64e87", "9d5c20441baf0cb60a4ac34cc447c6c189024b6b4c6cd7877034f4965c464e49"]
beautifulsoup4 = ["11a9a27b7d3bddc6d86f59fb76afb70e921a25ac2d6cc55b40d072bd68435a76", "7015e76bf32f1f574636c4288399a6de66ce08fb7b2457f628a8d70c0fbabb11", "808b6ac932dccb0a4126558f7dfdcf41710dd44a4ef497a0bb59a77f9f078e89"]
bs4 = ["36ecea1fd7cc5c0c6e4a1ff075df26d50da647b75376626cc186e2212886dd3a"]
certifi = ["13e698f54293db9f89122b0581843a782ad0934a4fe0172d2a980ba77fc61bb7", "9fa520c1bacfb634fa7af20a76bcbd3d5fb390481724c597da32c719a7dca4b0"]
cffi = ["151b7eefd035c56b2b2e1eb9963c90c6302dc15fbd8c1c0a83a163ff2c7d7743", "1553d1e99f035ace1c0544050622b7bc963374a00c467edafac50ad7bd276aef", "1b0493c091a1898f1136e3f4f991a784437fac3673780ff9de3bcf46c80b6b50", "2ba8a45822b7aee805ab49abfe7eec16b90587f7f26df20c71dd89e45a97076f", "3bb6bd7266598f318063e584378b8e27c67de998a43362e8fce664c54ee52d30", "3c85641778460581c42924384f5e68076d724ceac0f267d66c757f7535069c93", "3eb6434197633b7748cea30bf0ba9f66727cdce45117a712b29a443943733257", "495c5c2d43bf6cebe0178eb3e88f9c4aa48d8934aa6e3cddb865c058da76756b", "4c91af6e967c2015729d3e69c2e51d92f9898c330d6a851bf8f121236f3defd3", "57b2533356cb2d8fac1555815929f7f5f14d68ac77b085d2326b571310f34f6e", "770f3782b31f50b68627e22f91cb182c48c47c02eb405fd689472aa7b7aa16dc", "79f9b6f7c46ae1f8ded75f68cf8ad50e5729ed4d590c74840471fc2823457d04", "7a33145e04d44ce95bcd71e522b478d282ad0eafaf34fe1ec5bbd73e662f22b6", "857959354ae3a6fa3da6651b966d13b0a8bed6bbc87a0de7b38a549db1d2a359", "87f37fe5130574ff76c17cab61e7d2538a16f843bb7bca8ebbc4b12de3078596", "95d5251e4b5ca00061f9d9f3d6fe537247e145a8524ae9fd30a2f8fbce993b5b", "9d1d3e63a4afdc29bd76ce6aa9d58c771cd1599fbba8cf5057e7860b203710dd", "a36c5c154f9d42ec176e6e620cb0dd275744aa1d804786a71ac37dc3661a5e95", "a6a5cb8809091ec9ac03edde9304b3ad82ad4466333432b16d78ef40e0cce0d5", "ae5e35a2c189d397b91034642cb0eab0e346f776ec2eb44a49a459e6615d6e2e", "b0f7d4a3df8f06cf49f9f121bead236e328074de6449866515cea4907bbc63d6", "b75110fb114fa366b29a027d0c9be3709579602ae111ff61674d28c93606acca", "ba5e697569f84b13640c9e193170e89c13c6244c24400fc57e88724ef610cd31", "be2a9b390f77fd7676d80bc3cdc4f8edb940d8c198ed2d8c0be1319018c778e1", "ca1bd81f40adc59011f58159e4aa6445fc585a32bb8ac9badf7a2c1aa23822f2", "d5d8555d9bfc3f02385c1c37e9f998e2011f0db4f90e250e5bc0c0a85a813085", "e55e22ac0a30023426564b1059b035973ec82186ddddbac867078435801c7801", "e90f17980e6ab0f3c2f3730e56d1fe9bcba1891eeea58966e89d352492cc74f4", "ecbb7b01409e9b782df5ded849c178a0aa7c906cf8c5a67368047daab282b184", "ed01918d545a38998bfa5902c7c00e0fee90e957ce036a4000a88e3fe2264917", "edabd457cd23a02965166026fd9bfd196f4324fe6032e866d0f3bd0301cd486f", "fdf1c1dc5bafc32bc5d08b054f94d659422b05aba244d6be4ddc1c72d9aa70fb"]
chardet = ["84ab92ed1c4d4f16916e05906b6b75a6c0fb5db821cc65e70cbd64a3e2a5eaae", "fc323ffcaeaed0e0a02bf4d117757b98aed530d9ed4531e3e15460124c106691"]
click = ["29f99fc6125fbc931b758dc053b3114e55c77a6e4c6c3a2674a2dc986016381d", "f15516df478d5a56180fbf80e68f206010e6d160fc39fa508b65e035fd75130b"]
cryptography = ["21af753934f2f6d1a10fe8f4c0a64315af209ef6adeaee63ca349797d747d687", "27bb401a20a838d6d0ea380f08c6ead3ccd8c9d8a0232dc9adcc0e4994576a66", "29720c4253263cff9aea64585adbbe85013ba647f6e98367efff9db2d7193ded", "2a35b7570d8f247889784010aac8b384fd2e4a47b33e15c4a60b45a7c1944120", "42c531a6a354407f42ee07fda5c2c0dc822cf6d52744949c182f2b295fbd4183", "5eb86f03f9c4f0ac2336ac5431271072ddf7ecc76b338e26366732cfac58aa19", "67f7f57eae8dede577f3f7775957f5bec93edd6bdb6ce597bb5b28e1bdf3d4fb", "6ec84edcbc966ae460560a51a90046503ff0b5b66157a9efc61515c68059f6c8", "7ba834564daef87557e7fcd35c3c3183a4147b0b3a57314e53317360b9b201b3", "7d7f084cbe1fdb82be5a0545062b59b1ad3637bc5a48612ac2eb428ff31b31ea", "82409f5150e529d699e5c33fa8fd85e965104db03bc564f5f4b6a9199e591f7c", "87d092a7c2a44e5f7414ab02fb4145723ebba411425e1a99773531dd4c0e9b8d", "8c56ef989342e42b9fcaba7c74b446f0cc9bed546dd00034fa7ad66fc00307ef", "9449f5d4d7c516a6118fa9210c4a00f34384cb1d2028672100ee0c6cce49d7f6", "bc2301170986ad82d9349a91eb8884e0e191209c45f5541b16aa7c0cfb135978", "c132bab45d4bd0fff1d3fe294d92b0a6eb8404e93337b3127bdec9f21de117e6", "c3d945b7b577f07a477700f618f46cbc287af3a9222cd73035c6ef527ef2c363", "cee18beb4c807b5c0b178f4fa2fae03cef9d51821a358c6890f8b23465b7e5d2", "d01dfc5c2b3495184f683574e03c70022674ca9a7be88589c5aba130d835ea90"]
et-xmlfile = ["614d9722d572f6246302c4491846d2c393c199cfa4edc9af593437691683335b"]
flask = ["2271c0070dbcb5275fad4a82e29f23ab92682dc45f9dfbc22c02ba9b9322ce48", "a080b744b7e345ccfcbc77954861cb05b3c63786e93f2b3875e0913d44b43f05"]
flask-migrate = ["83ebc105f87357ddd3968f83510d2b1092f006660b1c6ba07a4efce036ca567d", "cd1b4e6cb829eeb41c02ad9202d83bef5f4b7a036dd9fad72ce96ad1e22efb07"]
flask-sqlalchemy = ["3bc0fac969dd8c0ace01b32060f0c729565293302f0c4269beed154b46bec50b", "5971b9852b5888655f11db634e87725a9031e170f37c0ce7851cf83497f56e53"]
idna = ["156a6814fb5ac1fc6850fb002e0852d56c0c8d2531923a51032d1b70760e186e", "684a38a6f903c1d71d6d5fac066b58d7768af4de2b832e426ec79c30daa94a16"]
itsdangerous = ["cbb3fcf8d3e33df861709ecaf89d9e6629cff0a217bc2848f1b41cd30d360519"]
jdcal = ["948fb8d079e63b4be7a69dd5f0cd618a0a57e80753de8248fd786a8a20658a07", "ea0a5067c5f0f50ad4c7bdc80abad3d976604f6fb026b0b3a17a9d84bb9046c9"]
jieba = ["de385e48582a4862e55a9167334d0fbe91d479026e5dac40e59e22c08b8e883e"]
jinja2 = ["74c935a1b8bb9a3947c50a54766a969d4846290e1e788ea44c1392163723c3bd", "f84be1bb0040caca4cea721fcbbbbd61f9be9464ca236387158b0feea01914a4"]
langcodes = ["22cff103b6c0f3c9907d9a51c2d634177a50a189672ad16d959a3e2cd48eadab"]
lml = ["12783c8851bb1b1aacf6d139aa41fb529e1723bff863e71034af07a55bf1e5a3", "58a11170ecb0ce5e4680ad8971f1e353b795d58953217d65c9a56e0d774261d6"]
mako = ["4e02fde57bd4abb5ec400181e4c314f56ac3e49ba4fb8b0d50bba18cb27d25ae"]
marisa-trie = ["4419abb6b603c97e863fad994abe57ed247fb12491f4bbacb2d762bd2e8958b6", "c73bc25d868e8c4ea7aa7f1e19892db07bba2463351269b05340ccfa06eb2baf"]
markupsafe = ["a6be69091dac236ea9c6bc7d012beab42010fa914c459791d627dad4910eb665"]
msgpack = ["0b3b1773d2693c70598585a34ca2715873ba899565f0a7c9a1545baef7e7fbdc", "0bae5d1538c5c6a75642f75a1781f3ac2275d744a92af1a453c150da3446138b", "0ee8c8c85aa651be3aa0cd005b5931769eaa658c948ce79428766f1bd46ae2c3", "1369f9edba9500c7a6489b70fdfac773e925342f4531f1e3d4c20ac3173b1ae0", "22d9c929d1d539f37da3d1b0e16270fa9d46107beab8c0d4d2bddffffe895cee", "2ff43e3247a1e11d544017bb26f580a68306cec7a6257d8818893c1fda665f42", "31a98047355d34d047fcdb55b09cb19f633cf214c705a765bd745456c142130c", "8767eb0032732c3a0da92cbec5ac186ef89a3258c6edca09161472ca0206c45f", "8acc8910218555044e23826980b950e96685dc48124a290c86f6f41a296ea172", "ab189a6365be1860a5ecf8159c248f12d33f79ea799ae9695fa6a29896dcf1d4", "cfd6535feb0f1cf1c7cdb25773e965cc9f92928244a8c3ef6f8f8a8e1f7ae5c4", "e274cd4480d8c76ec467a85a9c6635bbf2258f0649040560382ab58cabb44bcf", "f86642d60dca13e93260187d56c2bef2487aa4d574a669e8ceefcf9f4c26fd00", "f8a57cbda46a94ed0db55b73e6ab0c15e78b4ede8690fa491a0e55128d552bb0", "fcea97a352416afcbccd7af9625159d80704a25c519c251c734527329bb20d0e"]
openpyxl = ["9239b74faf175dc4276a5fc277655fc53c2f704ded39e680d35e6a39e1913f69"]
oyaml = ["46510c036d202ae683c9fd78f8cac164f404b2b1a6d369ec0edcbd47fb40db3c", "5f0072546a46ae2c77c03406838d55015646f4025ac99b78f5c05801727ad220"]
pycparser = ["99a8ca03e29851d96616ad0404b4aad7d9ee16f25c9f9708a11faf2810f7b226"]
pyexcel = ["4c470a7059d54e1c24112008a3410d1ff16d65fc47fa32a87d9581f1d92db11e", "7554b140729eaa679c0d627d5a44c787cd7216a917fa61f3da9f6b91438c9d43"]
pyexcel-export = ["619d117832c1af8411070a8fcf1f0102c863fedca56ba94abb073bb966764ab9", "cd29292dbd2740ccdcf543ab1452e3f6b74bca6cdbad71879b959a5dde745b6d"]
pyexcel-io = ["5cf5ccf7750ca130640277f31178b6284a4f9f0f0d1d41f28f419b67ce26132b", "d0639851fce803c772ccf0b8ec975f212cb64b6681b63d67e89a2ea238c0afdb"]
pyexcel-xlsx = ["4b406c0ec64c577a171335ab3bca8acd3bc845b5c99691c3600d11c284091435", "4e1f953427ac5073ee7e42d30e7108f24fde475e58e24822033fdc90a6131291"]
pyopenssl = ["26ff56a6b5ecaf3a2a59f132681e2a80afcc76b4f902f612f518f92c2a1bf854", "6488f1423b00f73b7ad5167885312bb0ce410d3312eb212393795b53c8caa580"]
python-dateutil = ["1adb80e7a782c12e52ef9a8182bebeb73f1d7e24e374397af06fb4956c8dc5c0", "e27001de32f627c22380a688bcc43ce83504a7bc5da472209b4c70f02829f0b8"]
python-editor = ["a3c066acee22a1c94f63938341d4fb374e3fdd69366ed6603d7b24bed1efc565"]
pyyaml = ["3d7da3009c0f3e783b2c873687652d83b1bbfd5c88e9813fb7e5b03c0dd3108b", "3ef3092145e9b70e3ddd2c7ad59bdd0252a94dfe3949721633e41344de00a6bf", "40c71b8e076d0550b2e6380bada1f1cd1017b882f7e16f09a65be98e017f211a", "558dd60b890ba8fd982e05941927a3911dc409a63dcb8b634feaa0cda69330d3", "a7c28b45d9f99102fa092bb213aa12e0aaf9a6a1f5e395d36166639c1f96c3a1", "aa7dd4a6a427aed7df6fb7f08a580d68d9b118d90310374716ae90b710280af1", "bc558586e6045763782014934bfaf39d48b8ae85a2713117d16c39864085c613", "d46d7982b62e0729ad0175a9bc7e10a566fc07b224d2c79fafb5e032727eaa04", "d5eef459e30b09f5a098b9cea68bebfeb268697f78d647bd255a085371ac7f3f", "e01d3203230e1786cd91ccfdc8f8454c8069c91bee3962ad93b87a4b2860f537", "e170a9e6fcfd19021dd29845af83bb79236068bf5fd4df3327c1be18182b2531"]
regex = ["1b428a296531ea1642a7da48562746309c5c06471a97bd0c02dd6a82e9cecee8", "27d72bb42dffb32516c28d218bb054ce128afd3e18464f30837166346758af67", "32cf4743debee9ea12d3626ee21eae83052763740e04086304e7a74778bf58c9", "32f6408dbca35040bc65f9f4ae1444d5546411fde989cb71443a182dd643305e", "333687d9a44738c486735955993f83bd22061a416c48f5a5f9e765e90cf1b0c9", "35eeccf17af3b017a54d754e160af597036435c58eceae60f1dd1364ae1250c7", "361a1fd703a35580a4714ec28d85e29780081a4c399a99bbfb2aee695d72aedb", "494bed6396a20d3aa6376bdf2d3fbb1005b8f4339558d8ac7b53256755f80303", "5b9c0ddd5b4afa08c9074170a2ea9b34ea296e32aeea522faaaaeeeb2fe0af2e", "a50532f61b23d4ab9d216a6214f359dd05c911c1a1ad20986b6738a782926c1a", "a9243d7b359b72c681a2c32eaa7ace8d346b7e8ce09d172a683acf6853161d9c", "b44624a38d07d3c954c84ad302c29f7930f4bf01443beef5589e9157b14e2a29", "be42a601aaaeb7a317f818490a39d153952a97c40c6e9beeb2a1103616405348", "eee4d94b1a626490fc8170ffd788883f8c641b576e11ba9b4a29c9f6623371e0", "f69d1201a4750f763971ea8364ed95ee888fc128968b39d38883a72a4d005895"]
requests = ["63b52e3c866428a224f97cab011de738c36aec0185aa91cfacd418b5d58911d1", "ec22d826a36ed72a7358ff3fe56cbd4ba69dd7a6718ffd450ff0e9df7a47ce6a"]
six = ["70e8a77beed4562e7f14fe23a786b54f6296e34344c23bc42f07b15018ff98e9", "832dc0e10feb1aa2c68dcc57dbb658f1c7e65b9b61af69048abc87a2db00a0eb"]
sqlalchemy = ["72325e67fb85f6e9ad304c603d83626d1df684fdf0c7ab1f0352e71feeab69d8"]
texttable = ["95e8cfe85f8395a7eacdfbc8f09d885b9ef3a6ac6ead0364ea721de1127aa36b"]
urllib3 = ["a68ac5e15e76e7e5dd2b8f94007233e01effe3e50e8daddf69acfd81cb686baf", "b5725a0bd4ba422ab0e66e89e030c806576753ea3ee08554382c14e685d117b5"]
werkzeug = ["c3fd7a7d41976d9f44db327260e263132466836cef6f91512889ed60ad26557c", "d5da73735293558eb1651ee2fddc4d0dedcfa06538b8813a2e20011583c9e49b"]
wordfreq = ["29fc02ee145f243ea7facc52c737603bf67c18f3c8c8e0e0d7066037e12539a1"]
